
Microsoft Visual Studio Solution File, Format Version 12.00
# Visual Studio Version 17
VisualStudioVersion = 17.4.32912.340
MinimumVisualStudioVersion = 10.0.40219.1
Project("{2150E333-8FDC-42A3-9474-1A3956D46DE8}") = "src", "src", "{04532617-5A2B-42F5-A118-4BB684211904}"
EndProject
Project("{FAE04EC0-301F-11D3-BF4B-00C04F79EFBC}") = "SampleRedPanda.Console", "src\SampleRedPanda.Console\SampleRedPanda.Console.csproj", "{089A48A3-7DF9-40B4-949D-9103502FECBE}"
EndProject
Project("{2150E333-8FDC-42A3-9474-1A3956D46DE8}") = "docker", "docker", "{CECA683A-7143-46B1-B4C3-6D10AF7D7045}"
	ProjectSection(SolutionItems) = preProject
		..\..\Menssageria\RedPanda\docker\docker-compose.yaml = ..\..\Menssageria\RedPanda\docker\docker-compose.yaml
	EndProjectSection
EndProject
Global
	GlobalSection(SolutionConfigurationPlatforms) = preSolution
		Debug|Any CPU = Debug|Any CPU
		Release|Any CPU = Release|Any CPU
	EndGlobalSection
	GlobalSection(ProjectConfigurationPlatforms) = postSolution
		{089A48A3-7DF9-40B4-949D-9103502FECBE}.Debug|Any CPU.ActiveCfg = Debug|Any CPU
		{089A48A3-7DF9-40B4-949D-9103502FECBE}.Debug|Any CPU.Build.0 = Debug|Any CPU
		{089A48A3-7DF9-40B4-949D-9103502FECBE}.Release|Any CPU.ActiveCfg = Release|Any CPU
		{089A48A3-7DF9-40B4-949D-9103502FECBE}.Release|Any CPU.Build.0 = Release|Any CPU
	EndGlobalSection
	GlobalSection(SolutionProperties) = preSolution
		HideSolutionNode = FALSE
	EndGlobalSection
	GlobalSection(NestedProjects) = preSolution
		{089A48A3-7DF9-40B4-949D-9103502FECBE} = {04532617-5A2B-42F5-A118-4BB684211904}
	EndGlobalSection
	GlobalSection(ExtensibilityGlobals) = postSolution
		SolutionGuid = {86335A80-4304-4FC5-8E64-CF6E233D8688}
	EndGlobalSection
EndGlobal
